// !$*UTF8*$!
{
	archiveVersion = 1;
	classes = {
	};
	objectVersion = 50;
	objects = {

/* Begin PBXBuildFile section */
		DADF97372334B34A0062ABFF /* Assets.xcassets in Resources */ = {isa = PBXBuildFile; fileRef = DADF97362334B34A0062ABFF /* Assets.xcassets */; };
		F508D13C2489245700286902 /* GCDWebServerResponse.m in Sources */ = {isa = PBXBuildFile; fileRef = F508D1202489245700286902 /* GCDWebServerResponse.m */; };
		F508D13D2489245700286902 /* GCDWebServerRequest.m in Sources */ = {isa = PBXBuildFile; fileRef = F508D1232489245700286902 /* GCDWebServerRequest.m */; };
		F508D13E2489245700286902 /* GCDWebServerFunctions.m in Sources */ = {isa = PBXBuildFile; fileRef = F508D1262489245700286902 /* GCDWebServerFunctions.m */; };
		F508D13F2489245700286902 /* GCDWebServer.m in Sources */ = {isa = PBXBuildFile; fileRef = F508D1272489245700286902 /* GCDWebServer.m */; };
		F508D1402489245700286902 /* GCDWebServerConnection.m in Sources */ = {isa = PBXBuildFile; fileRef = F508D1282489245700286902 /* GCDWebServerConnection.m */; };
		F508D1412489245700286902 /* GCDWebServerErrorResponse.m in Sources */ = {isa = PBXBuildFile; fileRef = F508D12D2489245700286902 /* GCDWebServerErrorResponse.m */; };
		F508D1422489245700286902 /* GCDWebServerFileResponse.m in Sources */ = {isa = PBXBuildFile; fileRef = F508D12F2489245700286902 /* GCDWebServerFileResponse.m */; };
		F508D1432489245700286902 /* GCDWebServerDataResponse.m in Sources */ = {isa = PBXBuildFile; fileRef = F508D1302489245700286902 /* GCDWebServerDataResponse.m */; };
		F508D1442489245700286902 /* GCDWebServerStreamedResponse.m in Sources */ = {isa = PBXBuildFile; fileRef = F508D1322489245700286902 /* GCDWebServerStreamedResponse.m */; };
		F508D1452489245700286902 /* GCDWebServerURLEncodedFormRequest.m in Sources */ = {isa = PBXBuildFile; fileRef = F508D1372489245700286902 /* GCDWebServerURLEncodedFormRequest.m */; };
		F508D1462489245700286902 /* GCDWebServerMultiPartFormRequest.m in Sources */ = {isa = PBXBuildFile; fileRef = F508D1382489245700286902 /* GCDWebServerMultiPartFormRequest.m */; };
		F508D1472489245700286902 /* GCDWebServerDataRequest.m in Sources */ = {isa = PBXBuildFile; fileRef = F508D1392489245700286902 /* GCDWebServerDataRequest.m */; };
		F508D1482489245700286902 /* GCDWebServerFileRequest.m in Sources */ = {isa = PBXBuildFile; fileRef = F508D13A2489245700286902 /* GCDWebServerFileRequest.m */; };
		F508D14A24892D5B00286902 /* MbtilesServer.swift in Sources */ = {isa = PBXBuildFile; fileRef = F508D14924892D5B00286902 /* MbtilesServer.swift */; };
		F508D14C24893F3400286902 /* MbtilesSource.swift in Sources */ = {isa = PBXBuildFile; fileRef = F508D14B24893F3400286902 /* MbtilesSource.swift */; };
		F508D14D248940C200286902 /* libsqlite3.tbd in Frameworks */ = {isa = PBXBuildFile; fileRef = F5346E11221EB95100BF8E29 /* libsqlite3.tbd */; };
		F508D14F2489472E00286902 /* tiles_luxembourg.mbtiles in Resources */ = {isa = PBXBuildFile; fileRef = F508D14E2489472D00286902 /* tiles_luxembourg.mbtiles */; };
		F5346E09221AF06500BF8E29 /* IBackend.swift in Sources */ = {isa = PBXBuildFile; fileRef = F5346E08221AF06500BF8E29 /* IBackend.swift */; };
		F5346E0B221AF18200BF8E29 /* LocalforageMemoryBackend.swift in Sources */ = {isa = PBXBuildFile; fileRef = F5346E0A221AF18200BF8E29 /* LocalforageMemoryBackend.swift */; };
		F5346E0E221EB88F00BF8E29 /* LocalforageSQliteBackend.swift in Sources */ = {isa = PBXBuildFile; fileRef = F5346E0C221EB88F00BF8E29 /* LocalforageSQliteBackend.swift */; };
		F59EE7BE223256C5005642A2 /* GRDB.framework in Frameworks */ = {isa = PBXBuildFile; fileRef = F59EE7B72232566C005642A2 /* GRDB.framework */; };
		F59EE7BF223256C5005642A2 /* GRDB.framework in Embed Frameworks */ = {isa = PBXBuildFile; fileRef = F59EE7B72232566C005642A2 /* GRDB.framework */; settings = {ATTRIBUTES = (CodeSignOnCopy, RemoveHeadersOnCopy, ); }; };
		F5E0B7652215C8EA00D28D25 /* AppDelegate.swift in Sources */ = {isa = PBXBuildFile; fileRef = F5E0B7642215C8EA00D28D25 /* AppDelegate.swift */; };
		F5E0B7672215C8EA00D28D25 /* ViewController.swift in Sources */ = {isa = PBXBuildFile; fileRef = F5E0B7662215C8EA00D28D25 /* ViewController.swift */; };
		F5E0B76A2215C8EA00D28D25 /* Main.storyboard in Resources */ = {isa = PBXBuildFile; fileRef = F5E0B7682215C8EA00D28D25 /* Main.storyboard */; };
		F5E0B76F2215C8EC00D28D25 /* LaunchScreen.storyboard in Resources */ = {isa = PBXBuildFile; fileRef = F5E0B76D2215C8EC00D28D25 /* LaunchScreen.storyboard */; };
		F5E7A6F62216CDCA00A1EE98 /* ScriptMessageHandler.swift in Sources */ = {isa = PBXBuildFile; fileRef = F5E7A6F52216CDCA00A1EE98 /* ScriptMessageHandler.swift */; };
/* End PBXBuildFile section */

/* Begin PBXContainerItemProxy section */
		F59EE7AC2232566C005642A2 /* PBXContainerItemProxy */ = {
			isa = PBXContainerItemProxy;
			containerPortal = F59EE7A02232566B005642A2 /* GRDB.xcodeproj */;
			proxyType = 2;
			remoteGlobalIDString = DC3773F319C8CBB3004FCF85;
			remoteInfo = GRDBOSX;
		};
		F59EE7AE2232566C005642A2 /* PBXContainerItemProxy */ = {
			isa = PBXContainerItemProxy;
			containerPortal = F59EE7A02232566B005642A2 /* GRDB.xcodeproj */;
			proxyType = 2;
			remoteGlobalIDString = 56E5D7F91B4D422D00430942;
			remoteInfo = GRDBOSXTests;
		};
		F59EE7B02232566C005642A2 /* PBXContainerItemProxy */ = {
			isa = PBXContainerItemProxy;
			containerPortal = F59EE7A02232566B005642A2 /* GRDB.xcodeproj */;
			proxyType = 2;
			remoteGlobalIDString = 560C981A1C0E22D300BF8471;
			remoteInfo = GRDBOSXPerformanceTests;
		};
		F59EE7B22232566C005642A2 /* PBXContainerItemProxy */ = {
			isa = PBXContainerItemProxy;
			containerPortal = F59EE7A02232566B005642A2 /* GRDB.xcodeproj */;
			proxyType = 2;
			remoteGlobalIDString = 56439B501F4CA1DC0066043F;
			remoteInfo = GRDBOSXPerformanceComparisonTests;
		};
		F59EE7B42232566C005642A2 /* PBXContainerItemProxy */ = {
			isa = PBXContainerItemProxy;
			containerPortal = F59EE7A02232566B005642A2 /* GRDB.xcodeproj */;
			proxyType = 2;
			remoteGlobalIDString = 56553C181C3E906C00522B5C;
			remoteInfo = GRDBOSXCrashTests;
		};
		F59EE7B62232566C005642A2 /* PBXContainerItemProxy */ = {
			isa = PBXContainerItemProxy;
			containerPortal = F59EE7A02232566B005642A2 /* GRDB.xcodeproj */;
			proxyType = 2;
			remoteGlobalIDString = 56E5D7CA1B4D3FED00430942;
			remoteInfo = GRDBiOS;
		};
		F59EE7B82232566C005642A2 /* PBXContainerItemProxy */ = {
			isa = PBXContainerItemProxy;
			containerPortal = F59EE7A02232566B005642A2 /* GRDB.xcodeproj */;
			proxyType = 2;
			remoteGlobalIDString = 56E5D7D31B4D3FEE00430942;
			remoteInfo = GRDBiOSTests;
		};
		F59EE7BA2232566C005642A2 /* PBXContainerItemProxy */ = {
			isa = PBXContainerItemProxy;
			containerPortal = F59EE7A02232566B005642A2 /* GRDB.xcodeproj */;
			proxyType = 2;
			remoteGlobalIDString = 565490A01D5A4798005622CB;
			remoteInfo = GRDBWatchOS;
		};
		F59EE7BC2232568D005642A2 /* PBXContainerItemProxy */ = {
			isa = PBXContainerItemProxy;
			containerPortal = F59EE7A02232566B005642A2 /* GRDB.xcodeproj */;
			proxyType = 1;
			remoteGlobalIDString = 56E5D7C91B4D3FED00430942;
			remoteInfo = GRDBiOS;
		};
		F59EE7C0223256C5005642A2 /* PBXContainerItemProxy */ = {
			isa = PBXContainerItemProxy;
			containerPortal = F59EE7A02232566B005642A2 /* GRDB.xcodeproj */;
			proxyType = 1;
			remoteGlobalIDString = 56E5D7C91B4D3FED00430942;
			remoteInfo = GRDBiOS;
		};
/* End PBXContainerItemProxy section */

/* Begin PBXCopyFilesBuildPhase section */
		F59EE7C2223256C5005642A2 /* Embed Frameworks */ = {
			isa = PBXCopyFilesBuildPhase;
			buildActionMask = 2147483647;
			dstPath = "";
			dstSubfolderSpec = 10;
			files = (
				F59EE7BF223256C5005642A2 /* GRDB.framework in Embed Frameworks */,
			);
			name = "Embed Frameworks";
			runOnlyForDeploymentPostprocessing = 0;
		};
/* End PBXCopyFilesBuildPhase section */

/* Begin PBXFileReference section */
		DA8F36C123A7EFFD000C5B36 /* Info.plist */ = {isa = PBXFileReference; fileEncoding = 4; lastKnownFileType = text.plist.xml; path = Info.plist; sourceTree = "<group>"; };
		DADF97362334B34A0062ABFF /* Assets.xcassets */ = {isa = PBXFileReference; lastKnownFileType = folder.assetcatalog; path = Assets.xcassets; sourceTree = "<group>"; };
		F508D11E2489245700286902 /* GCDWebServerFunctions.h */ = {isa = PBXFileReference; fileEncoding = 4; lastKnownFileType = sourcecode.c.h; path = GCDWebServerFunctions.h; sourceTree = "<group>"; };
		F508D11F2489245700286902 /* GCDWebServerPrivate.h */ = {isa = PBXFileReference; fileEncoding = 4; lastKnownFileType = sourcecode.c.h; path = GCDWebServerPrivate.h; sourceTree = "<group>"; };
		F508D1202489245700286902 /* GCDWebServerResponse.m */ = {isa = PBXFileReference; fileEncoding = 4; lastKnownFileType = sourcecode.c.objc; path = GCDWebServerResponse.m; sourceTree = "<group>"; };
		F508D1212489245700286902 /* GCDWebServerConnection.h */ = {isa = PBXFileReference; fileEncoding = 4; lastKnownFileType = sourcecode.c.h; path = GCDWebServerConnection.h; sourceTree = "<group>"; };
		F508D1222489245700286902 /* GCDWebServer.h */ = {isa = PBXFileReference; fileEncoding = 4; lastKnownFileType = sourcecode.c.h; path = GCDWebServer.h; sourceTree = "<group>"; };
		F508D1232489245700286902 /* GCDWebServerRequest.m */ = {isa = PBXFileReference; fileEncoding = 4; lastKnownFileType = sourcecode.c.objc; path = GCDWebServerRequest.m; sourceTree = "<group>"; };
		F508D1242489245700286902 /* GCDWebServerHTTPStatusCodes.h */ = {isa = PBXFileReference; fileEncoding = 4; lastKnownFileType = sourcecode.c.h; path = GCDWebServerHTTPStatusCodes.h; sourceTree = "<group>"; };
		F508D1252489245700286902 /* GCDWebServerResponse.h */ = {isa = PBXFileReference; fileEncoding = 4; lastKnownFileType = sourcecode.c.h; path = GCDWebServerResponse.h; sourceTree = "<group>"; };
		F508D1262489245700286902 /* GCDWebServerFunctions.m */ = {isa = PBXFileReference; fileEncoding = 4; lastKnownFileType = sourcecode.c.objc; path = GCDWebServerFunctions.m; sourceTree = "<group>"; };
		F508D1272489245700286902 /* GCDWebServer.m */ = {isa = PBXFileReference; fileEncoding = 4; lastKnownFileType = sourcecode.c.objc; path = GCDWebServer.m; sourceTree = "<group>"; };
		F508D1282489245700286902 /* GCDWebServerConnection.m */ = {isa = PBXFileReference; fileEncoding = 4; lastKnownFileType = sourcecode.c.objc; path = GCDWebServerConnection.m; sourceTree = "<group>"; };
		F508D1292489245700286902 /* GCDWebServerRequest.h */ = {isa = PBXFileReference; fileEncoding = 4; lastKnownFileType = sourcecode.c.h; path = GCDWebServerRequest.h; sourceTree = "<group>"; };
		F508D12B2489245700286902 /* GCDWebServerFileResponse.h */ = {isa = PBXFileReference; fileEncoding = 4; lastKnownFileType = sourcecode.c.h; path = GCDWebServerFileResponse.h; sourceTree = "<group>"; };
		F508D12C2489245700286902 /* GCDWebServerStreamedResponse.h */ = {isa = PBXFileReference; fileEncoding = 4; lastKnownFileType = sourcecode.c.h; path = GCDWebServerStreamedResponse.h; sourceTree = "<group>"; };
		F508D12D2489245700286902 /* GCDWebServerErrorResponse.m */ = {isa = PBXFileReference; fileEncoding = 4; lastKnownFileType = sourcecode.c.objc; path = GCDWebServerErrorResponse.m; sourceTree = "<group>"; };
		F508D12E2489245700286902 /* GCDWebServerDataResponse.h */ = {isa = PBXFileReference; fileEncoding = 4; lastKnownFileType = sourcecode.c.h; path = GCDWebServerDataResponse.h; sourceTree = "<group>"; };
		F508D12F2489245700286902 /* GCDWebServerFileResponse.m */ = {isa = PBXFileReference; fileEncoding = 4; lastKnownFileType = sourcecode.c.objc; path = GCDWebServerFileResponse.m; sourceTree = "<group>"; };
		F508D1302489245700286902 /* GCDWebServerDataResponse.m */ = {isa = PBXFileReference; fileEncoding = 4; lastKnownFileType = sourcecode.c.objc; path = GCDWebServerDataResponse.m; sourceTree = "<group>"; };
		F508D1312489245700286902 /* GCDWebServerErrorResponse.h */ = {isa = PBXFileReference; fileEncoding = 4; lastKnownFileType = sourcecode.c.h; path = GCDWebServerErrorResponse.h; sourceTree = "<group>"; };
		F508D1322489245700286902 /* GCDWebServerStreamedResponse.m */ = {isa = PBXFileReference; fileEncoding = 4; lastKnownFileType = sourcecode.c.objc; path = GCDWebServerStreamedResponse.m; sourceTree = "<group>"; };
		F508D1342489245700286902 /* GCDWebServerDataRequest.h */ = {isa = PBXFileReference; fileEncoding = 4; lastKnownFileType = sourcecode.c.h; path = GCDWebServerDataRequest.h; sourceTree = "<group>"; };
		F508D1352489245700286902 /* GCDWebServerMultiPartFormRequest.h */ = {isa = PBXFileReference; fileEncoding = 4; lastKnownFileType = sourcecode.c.h; path = GCDWebServerMultiPartFormRequest.h; sourceTree = "<group>"; };
		F508D1362489245700286902 /* GCDWebServerFileRequest.h */ = {isa = PBXFileReference; fileEncoding = 4; lastKnownFileType = sourcecode.c.h; path = GCDWebServerFileRequest.h; sourceTree = "<group>"; };
		F508D1372489245700286902 /* GCDWebServerURLEncodedFormRequest.m */ = {isa = PBXFileReference; fileEncoding = 4; lastKnownFileType = sourcecode.c.objc; path = GCDWebServerURLEncodedFormRequest.m; sourceTree = "<group>"; };
		F508D1382489245700286902 /* GCDWebServerMultiPartFormRequest.m */ = {isa = PBXFileReference; fileEncoding = 4; lastKnownFileType = sourcecode.c.objc; path = GCDWebServerMultiPartFormRequest.m; sourceTree = "<group>"; };
		F508D1392489245700286902 /* GCDWebServerDataRequest.m */ = {isa = PBXFileReference; fileEncoding = 4; lastKnownFileType = sourcecode.c.objc; path = GCDWebServerDataRequest.m; sourceTree = "<group>"; };
		F508D13A2489245700286902 /* GCDWebServerFileRequest.m */ = {isa = PBXFileReference; fileEncoding = 4; lastKnownFileType = sourcecode.c.objc; path = GCDWebServerFileRequest.m; sourceTree = "<group>"; };
		F508D13B2489245700286902 /* GCDWebServerURLEncodedFormRequest.h */ = {isa = PBXFileReference; fileEncoding = 4; lastKnownFileType = sourcecode.c.h; path = GCDWebServerURLEncodedFormRequest.h; sourceTree = "<group>"; };
		F508D14924892D5B00286902 /* MbtilesServer.swift */ = {isa = PBXFileReference; lastKnownFileType = sourcecode.swift; path = MbtilesServer.swift; sourceTree = "<group>"; };
		F508D14B24893F3400286902 /* MbtilesSource.swift */ = {isa = PBXFileReference; lastKnownFileType = sourcecode.swift; path = MbtilesSource.swift; sourceTree = "<group>"; };
		F508D14E2489472D00286902 /* tiles_luxembourg.mbtiles */ = {isa = PBXFileReference; lastKnownFileType = file; path = tiles_luxembourg.mbtiles; sourceTree = "<group>"; };
		F5346E08221AF06500BF8E29 /* IBackend.swift */ = {isa = PBXFileReference; lastKnownFileType = sourcecode.swift; path = IBackend.swift; sourceTree = "<group>"; };
		F5346E0A221AF18200BF8E29 /* LocalforageMemoryBackend.swift */ = {isa = PBXFileReference; lastKnownFileType = sourcecode.swift; path = LocalforageMemoryBackend.swift; sourceTree = "<group>"; };
		F5346E0C221EB88F00BF8E29 /* LocalforageSQliteBackend.swift */ = {isa = PBXFileReference; fileEncoding = 4; lastKnownFileType = sourcecode.swift; path = LocalforageSQliteBackend.swift; sourceTree = "<group>"; };
		F5346E11221EB95100BF8E29 /* libsqlite3.tbd */ = {isa = PBXFileReference; lastKnownFileType = "sourcecode.text-based-dylib-definition"; name = libsqlite3.tbd; path = usr/lib/libsqlite3.tbd; sourceTree = SDKROOT; };
		F59EE79E2232564F005642A2 /* GRDB */ = {isa = PBXFileReference; lastKnownFileType = folder; name = GRDB; path = grdb/GRDB; sourceTree = "<group>"; };
		F59EE7A02232566B005642A2 /* GRDB.xcodeproj */ = {isa = PBXFileReference; lastKnownFileType = "wrapper.pb-project"; name = GRDB.xcodeproj; path = grdb/GRDB.xcodeproj; sourceTree = "<group>"; };
		F5DF681E2487B2F60097A7C5 /* geoportail.lu-Bridging-Header.h */ = {isa = PBXFileReference; lastKnownFileType = sourcecode.c.h; path = "geoportail.lu-Bridging-Header.h"; sourceTree = "<group>"; };
		F5E0B7612215C8EA00D28D25 /* geoportail.lu.app */ = {isa = PBXFileReference; explicitFileType = wrapper.application; includeInIndex = 0; path = geoportail.lu.app; sourceTree = BUILT_PRODUCTS_DIR; };
		F5E0B7642215C8EA00D28D25 /* AppDelegate.swift */ = {isa = PBXFileReference; lastKnownFileType = sourcecode.swift; path = AppDelegate.swift; sourceTree = "<group>"; };
		F5E0B7662215C8EA00D28D25 /* ViewController.swift */ = {isa = PBXFileReference; lastKnownFileType = sourcecode.swift; path = ViewController.swift; sourceTree = "<group>"; };
		F5E0B7692215C8EA00D28D25 /* Base */ = {isa = PBXFileReference; lastKnownFileType = file.storyboard; name = Base; path = Base.lproj/Main.storyboard; sourceTree = "<group>"; };
		F5E0B76E2215C8EC00D28D25 /* Base */ = {isa = PBXFileReference; lastKnownFileType = file.storyboard; name = Base; path = Base.lproj/LaunchScreen.storyboard; sourceTree = "<group>"; };
		F5E7A6F52216CDCA00A1EE98 /* ScriptMessageHandler.swift */ = {isa = PBXFileReference; lastKnownFileType = sourcecode.swift; path = ScriptMessageHandler.swift; sourceTree = "<group>"; };
/* End PBXFileReference section */

/* Begin PBXFrameworksBuildPhase section */
		F5E0B75E2215C8EA00D28D25 /* Frameworks */ = {
			isa = PBXFrameworksBuildPhase;
			buildActionMask = 2147483647;
			files = (
				F508D14D248940C200286902 /* libsqlite3.tbd in Frameworks */,
				F59EE7BE223256C5005642A2 /* GRDB.framework in Frameworks */,
			);
			runOnlyForDeploymentPostprocessing = 0;
		};
/* End PBXFrameworksBuildPhase section */

/* Begin PBXGroup section */
		F508D11C2489245700286902 /* GCDWebServer */ = {
			isa = PBXGroup;
			children = (
				F508D11D2489245700286902 /* Core */,
				F508D12A2489245700286902 /* Responses */,
				F508D1332489245700286902 /* Requests */,
			);
			name = GCDWebServer;
			path = GCDWebServer/GCDWebServer;
			sourceTree = "<group>";
		};
		F508D11D2489245700286902 /* Core */ = {
			isa = PBXGroup;
			children = (
				F508D11E2489245700286902 /* GCDWebServerFunctions.h */,
				F508D11F2489245700286902 /* GCDWebServerPrivate.h */,
				F508D1202489245700286902 /* GCDWebServerResponse.m */,
				F508D1212489245700286902 /* GCDWebServerConnection.h */,
				F508D1222489245700286902 /* GCDWebServer.h */,
				F508D1232489245700286902 /* GCDWebServerRequest.m */,
				F508D1242489245700286902 /* GCDWebServerHTTPStatusCodes.h */,
				F508D1252489245700286902 /* GCDWebServerResponse.h */,
				F508D1262489245700286902 /* GCDWebServerFunctions.m */,
				F508D1272489245700286902 /* GCDWebServer.m */,
				F508D1282489245700286902 /* GCDWebServerConnection.m */,
				F508D1292489245700286902 /* GCDWebServerRequest.h */,
			);
			path = Core;
			sourceTree = "<group>";
		};
		F508D12A2489245700286902 /* Responses */ = {
			isa = PBXGroup;
			children = (
				F508D12B2489245700286902 /* GCDWebServerFileResponse.h */,
				F508D12C2489245700286902 /* GCDWebServerStreamedResponse.h */,
				F508D12D2489245700286902 /* GCDWebServerErrorResponse.m */,
				F508D12E2489245700286902 /* GCDWebServerDataResponse.h */,
				F508D12F2489245700286902 /* GCDWebServerFileResponse.m */,
				F508D1302489245700286902 /* GCDWebServerDataResponse.m */,
				F508D1312489245700286902 /* GCDWebServerErrorResponse.h */,
				F508D1322489245700286902 /* GCDWebServerStreamedResponse.m */,
			);
			path = Responses;
			sourceTree = "<group>";
		};
		F508D1332489245700286902 /* Requests */ = {
			isa = PBXGroup;
			children = (
				F508D1342489245700286902 /* GCDWebServerDataRequest.h */,
				F508D1352489245700286902 /* GCDWebServerMultiPartFormRequest.h */,
				F508D1362489245700286902 /* GCDWebServerFileRequest.h */,
				F508D1372489245700286902 /* GCDWebServerURLEncodedFormRequest.m */,
				F508D1382489245700286902 /* GCDWebServerMultiPartFormRequest.m */,
				F508D1392489245700286902 /* GCDWebServerDataRequest.m */,
				F508D13A2489245700286902 /* GCDWebServerFileRequest.m */,
				F508D13B2489245700286902 /* GCDWebServerURLEncodedFormRequest.h */,
			);
			path = Requests;
			sourceTree = "<group>";
		};
		F5346E07221AF02E00BF8E29 /* backends */ = {
			isa = PBXGroup;
			children = (
				F5346E0C221EB88F00BF8E29 /* LocalforageSQliteBackend.swift */,
				F5346E08221AF06500BF8E29 /* IBackend.swift */,
				F5346E0A221AF18200BF8E29 /* LocalforageMemoryBackend.swift */,
			);
			path = backends;
			sourceTree = "<group>";
		};
		F5346E10221EB95100BF8E29 /* Frameworks */ = {
			isa = PBXGroup;
			children = (
				F59EE7A02232566B005642A2 /* GRDB.xcodeproj */,
				F59EE79E2232564F005642A2 /* GRDB */,
				F5346E11221EB95100BF8E29 /* libsqlite3.tbd */,
			);
			name = Frameworks;
			sourceTree = "<group>";
		};
		F59EE7A12232566B005642A2 /* Products */ = {
			isa = PBXGroup;
			children = (
				F59EE7AD2232566C005642A2 /* GRDB.framework */,
				F59EE7AF2232566C005642A2 /* GRDBOSXTests.xctest */,
				F59EE7B12232566C005642A2 /* GRDBOSXPerformanceTests.xctest */,
				F59EE7B32232566C005642A2 /* GRDBOSXPerformanceComparisonTests.xctest */,
				F59EE7B52232566C005642A2 /* GRDBOSXCrashTests.xctest */,
				F59EE7B72232566C005642A2 /* GRDB.framework */,
				F59EE7B92232566C005642A2 /* GRDBiOSTests.xctest */,
				F59EE7BB2232566C005642A2 /* GRDB.framework */,
			);
			name = Products;
			sourceTree = "<group>";
		};
		F5E0B7582215C8EA00D28D25 = {
			isa = PBXGroup;
			children = (
				F508D14E2489472D00286902 /* tiles_luxembourg.mbtiles */,
				F5DF681E2487B2F60097A7C5 /* geoportail.lu-Bridging-Header.h */,
				F508D11C2489245700286902 /* GCDWebServer */,
				F5E0B7632215C8EA00D28D25 /* geoportail.lu */,
				F5E0B7622215C8EA00D28D25 /* Products */,
				F5346E10221EB95100BF8E29 /* Frameworks */,
			);
			sourceTree = "<group>";
		};
		F5E0B7622215C8EA00D28D25 /* Products */ = {
			isa = PBXGroup;
			children = (
				F5E0B7612215C8EA00D28D25 /* geoportail.lu.app */,
			);
			name = Products;
			sourceTree = "<group>";
		};
		F5E0B7632215C8EA00D28D25 /* geoportail.lu */ = {
			isa = PBXGroup;
			children = (
				F5346E07221AF02E00BF8E29 /* backends */,
				F5E0B7642215C8EA00D28D25 /* AppDelegate.swift */,
				F5E0B7662215C8EA00D28D25 /* ViewController.swift */,
				F5E0B7682215C8EA00D28D25 /* Main.storyboard */,
				F5E0B76D2215C8EC00D28D25 /* LaunchScreen.storyboard */,
				DADF97362334B34A0062ABFF /* Assets.xcassets */,
				DA8F36C123A7EFFD000C5B36 /* Info.plist */,
				F5E7A6F52216CDCA00A1EE98 /* ScriptMessageHandler.swift */,
				F508D14924892D5B00286902 /* MbtilesServer.swift */,
				F508D14B24893F3400286902 /* MbtilesSource.swift */,
			);
			path = geoportail.lu;
			sourceTree = "<group>";
		};
/* End PBXGroup section */

/* Begin PBXNativeTarget section */
		F5E0B7602215C8EA00D28D25 /* geoportail.lu */ = {
			isa = PBXNativeTarget;
			buildConfigurationList = F5E0B7732215C8EC00D28D25 /* Build configuration list for PBXNativeTarget "geoportail.lu" */;
			buildPhases = (
				F5E0B75D2215C8EA00D28D25 /* Sources */,
				F5E0B75E2215C8EA00D28D25 /* Frameworks */,
				F5E0B75F2215C8EA00D28D25 /* Resources */,
				F59EE7C2223256C5005642A2 /* Embed Frameworks */,
			);
			buildRules = (
			);
			dependencies = (
				F59EE7BD2232568D005642A2 /* PBXTargetDependency */,
				F59EE7C1223256C5005642A2 /* PBXTargetDependency */,
			);
			name = geoportail.lu;
			productName = LuxMob;
			productReference = F5E0B7612215C8EA00D28D25 /* geoportail.lu.app */;
			productType = "com.apple.product-type.application";
		};
/* End PBXNativeTarget section */

/* Begin PBXProject section */
		F5E0B7592215C8EA00D28D25 /* Project object */ = {
			isa = PBXProject;
			attributes = {
				LastSwiftUpdateCheck = 1010;
				LastUpgradeCheck = 1140;
				ORGANIZATIONNAME = Camptocamp;
				TargetAttributes = {
					F5E0B7602215C8EA00D28D25 = {
						CreatedOnToolsVersion = 10.1;
						LastSwiftMigration = 1150;
					};
				};
			};
			buildConfigurationList = F5E0B75C2215C8EA00D28D25 /* Build configuration list for PBXProject "geoportail.lu" */;
			compatibilityVersion = "Xcode 9.3";
			developmentRegion = en;
			hasScannedForEncodings = 0;
			knownRegions = (
				en,
				Base,
			);
			mainGroup = F5E0B7582215C8EA00D28D25;
			productRefGroup = F5E0B7622215C8EA00D28D25 /* Products */;
			projectDirPath = "";
			projectReferences = (
				{
					ProductGroup = F59EE7A12232566B005642A2 /* Products */;
					ProjectRef = F59EE7A02232566B005642A2 /* GRDB.xcodeproj */;
				},
			);
			projectRoot = "";
			targets = (
				F5E0B7602215C8EA00D28D25 /* geoportail.lu */,
			);
		};
/* End PBXProject section */

/* Begin PBXReferenceProxy section */
		F59EE7AD2232566C005642A2 /* GRDB.framework */ = {
			isa = PBXReferenceProxy;
			fileType = wrapper.framework;
			path = GRDB.framework;
			remoteRef = F59EE7AC2232566C005642A2 /* PBXContainerItemProxy */;
			sourceTree = BUILT_PRODUCTS_DIR;
		};
		F59EE7AF2232566C005642A2 /* GRDBOSXTests.xctest */ = {
			isa = PBXReferenceProxy;
			fileType = wrapper.cfbundle;
			path = GRDBOSXTests.xctest;
			remoteRef = F59EE7AE2232566C005642A2 /* PBXContainerItemProxy */;
			sourceTree = BUILT_PRODUCTS_DIR;
		};
		F59EE7B12232566C005642A2 /* GRDBOSXPerformanceTests.xctest */ = {
			isa = PBXReferenceProxy;
			fileType = wrapper.cfbundle;
			path = GRDBOSXPerformanceTests.xctest;
			remoteRef = F59EE7B02232566C005642A2 /* PBXContainerItemProxy */;
			sourceTree = BUILT_PRODUCTS_DIR;
		};
		F59EE7B32232566C005642A2 /* GRDBOSXPerformanceComparisonTests.xctest */ = {
			isa = PBXReferenceProxy;
			fileType = wrapper.cfbundle;
			path = GRDBOSXPerformanceComparisonTests.xctest;
			remoteRef = F59EE7B22232566C005642A2 /* PBXContainerItemProxy */;
			sourceTree = BUILT_PRODUCTS_DIR;
		};
		F59EE7B52232566C005642A2 /* GRDBOSXCrashTests.xctest */ = {
			isa = PBXReferenceProxy;
			fileType = wrapper.cfbundle;
			path = GRDBOSXCrashTests.xctest;
			remoteRef = F59EE7B42232566C005642A2 /* PBXContainerItemProxy */;
			sourceTree = BUILT_PRODUCTS_DIR;
		};
		F59EE7B72232566C005642A2 /* GRDB.framework */ = {
			isa = PBXReferenceProxy;
			fileType = wrapper.framework;
			path = GRDB.framework;
			remoteRef = F59EE7B62232566C005642A2 /* PBXContainerItemProxy */;
			sourceTree = BUILT_PRODUCTS_DIR;
		};
		F59EE7B92232566C005642A2 /* GRDBiOSTests.xctest */ = {
			isa = PBXReferenceProxy;
			fileType = wrapper.cfbundle;
			path = GRDBiOSTests.xctest;
			remoteRef = F59EE7B82232566C005642A2 /* PBXContainerItemProxy */;
			sourceTree = BUILT_PRODUCTS_DIR;
		};
		F59EE7BB2232566C005642A2 /* GRDB.framework */ = {
			isa = PBXReferenceProxy;
			fileType = wrapper.framework;
			path = GRDB.framework;
			remoteRef = F59EE7BA2232566C005642A2 /* PBXContainerItemProxy */;
			sourceTree = BUILT_PRODUCTS_DIR;
		};
/* End PBXReferenceProxy section */

/* Begin PBXResourcesBuildPhase section */
		F5E0B75F2215C8EA00D28D25 /* Resources */ = {
			isa = PBXResourcesBuildPhase;
			buildActionMask = 2147483647;
			files = (
				F508D14F2489472E00286902 /* tiles_luxembourg.mbtiles in Resources */,
				F5E0B76F2215C8EC00D28D25 /* LaunchScreen.storyboard in Resources */,
				DADF97372334B34A0062ABFF /* Assets.xcassets in Resources */,
				F5E0B76A2215C8EA00D28D25 /* Main.storyboard in Resources */,
			);
			runOnlyForDeploymentPostprocessing = 0;
		};
/* End PBXResourcesBuildPhase section */

/* Begin PBXSourcesBuildPhase section */
		F5E0B75D2215C8EA00D28D25 /* Sources */ = {
			isa = PBXSourcesBuildPhase;
			buildActionMask = 2147483647;
			files = (
				F5346E0E221EB88F00BF8E29 /* LocalforageSQliteBackend.swift in Sources */,
				F5E7A6F62216CDCA00A1EE98 /* ScriptMessageHandler.swift in Sources */,
				F5E0B7672215C8EA00D28D25 /* ViewController.swift in Sources */,
				F508D1442489245700286902 /* GCDWebServerStreamedResponse.m in Sources */,
				F508D1432489245700286902 /* GCDWebServerDataResponse.m in Sources */,
				F5346E09221AF06500BF8E29 /* IBackend.swift in Sources */,
				F508D13D2489245700286902 /* GCDWebServerRequest.m in Sources */,
				F508D1462489245700286902 /* GCDWebServerMultiPartFormRequest.m in Sources */,
				F508D1472489245700286902 /* GCDWebServerDataRequest.m in Sources */,
				F508D13E2489245700286902 /* GCDWebServerFunctions.m in Sources */,
				F508D1482489245700286902 /* GCDWebServerFileRequest.m in Sources */,
				F508D1412489245700286902 /* GCDWebServerErrorResponse.m in Sources */,
				F508D13C2489245700286902 /* GCDWebServerResponse.m in Sources */,
				F5346E0B221AF18200BF8E29 /* LocalforageMemoryBackend.swift in Sources */,
				F508D14C24893F3400286902 /* MbtilesSource.swift in Sources */,
				F508D1452489245700286902 /* GCDWebServerURLEncodedFormRequest.m in Sources */,
				F508D1422489245700286902 /* GCDWebServerFileResponse.m in Sources */,
				F508D14A24892D5B00286902 /* MbtilesServer.swift in Sources */,
				F508D13F2489245700286902 /* GCDWebServer.m in Sources */,
				F5E0B7652215C8EA00D28D25 /* AppDelegate.swift in Sources */,
				F508D1402489245700286902 /* GCDWebServerConnection.m in Sources */,
			);
			runOnlyForDeploymentPostprocessing = 0;
		};
/* End PBXSourcesBuildPhase section */

/* Begin PBXTargetDependency section */
		F59EE7BD2232568D005642A2 /* PBXTargetDependency */ = {
			isa = PBXTargetDependency;
			name = GRDBiOS;
			targetProxy = F59EE7BC2232568D005642A2 /* PBXContainerItemProxy */;
		};
		F59EE7C1223256C5005642A2 /* PBXTargetDependency */ = {
			isa = PBXTargetDependency;
			name = GRDBiOS;
			targetProxy = F59EE7C0223256C5005642A2 /* PBXContainerItemProxy */;
		};
/* End PBXTargetDependency section */

/* Begin PBXVariantGroup section */
		F5E0B7682215C8EA00D28D25 /* Main.storyboard */ = {
			isa = PBXVariantGroup;
			children = (
				F5E0B7692215C8EA00D28D25 /* Base */,
			);
			name = Main.storyboard;
			sourceTree = "<group>";
		};
		F5E0B76D2215C8EC00D28D25 /* LaunchScreen.storyboard */ = {
			isa = PBXVariantGroup;
			children = (
				F5E0B76E2215C8EC00D28D25 /* Base */,
			);
			name = LaunchScreen.storyboard;
			sourceTree = "<group>";
		};
/* End PBXVariantGroup section */

/* Begin XCBuildConfiguration section */
		F5E0B7712215C8EC00D28D25 /* Debug */ = {
			isa = XCBuildConfiguration;
			buildSettings = {
				ALWAYS_SEARCH_USER_PATHS = NO;
				CLANG_ANALYZER_NONNULL = YES;
				CLANG_ANALYZER_NUMBER_OBJECT_CONVERSION = YES_AGGRESSIVE;
				CLANG_CXX_LANGUAGE_STANDARD = "gnu++14";
				CLANG_CXX_LIBRARY = "libc++";
				CLANG_ENABLE_MODULES = YES;
				CLANG_ENABLE_OBJC_ARC = YES;
				CLANG_ENABLE_OBJC_WEAK = YES;
				CLANG_WARN_BLOCK_CAPTURE_AUTORELEASING = YES;
				CLANG_WARN_BOOL_CONVERSION = YES;
				CLANG_WARN_COMMA = YES;
				CLANG_WARN_CONSTANT_CONVERSION = YES;
				CLANG_WARN_DEPRECATED_OBJC_IMPLEMENTATIONS = YES;
				CLANG_WARN_DIRECT_OBJC_ISA_USAGE = YES_ERROR;
				CLANG_WARN_DOCUMENTATION_COMMENTS = YES;
				CLANG_WARN_EMPTY_BODY = YES;
				CLANG_WARN_ENUM_CONVERSION = YES;
				CLANG_WARN_INFINITE_RECURSION = YES;
				CLANG_WARN_INT_CONVERSION = YES;
				CLANG_WARN_NON_LITERAL_NULL_CONVERSION = YES;
				CLANG_WARN_OBJC_IMPLICIT_RETAIN_SELF = YES;
				CLANG_WARN_OBJC_LITERAL_CONVERSION = YES;
				CLANG_WARN_OBJC_ROOT_CLASS = YES_ERROR;
				CLANG_WARN_RANGE_LOOP_ANALYSIS = YES;
				CLANG_WARN_STRICT_PROTOTYPES = YES;
				CLANG_WARN_SUSPICIOUS_MOVE = YES;
				CLANG_WARN_UNGUARDED_AVAILABILITY = YES_AGGRESSIVE;
				CLANG_WARN_UNREACHABLE_CODE = YES;
				CLANG_WARN__DUPLICATE_METHOD_MATCH = YES;
				CODE_SIGN_IDENTITY = "iPhone Developer";
				COPY_PHASE_STRIP = NO;
				DEBUG_INFORMATION_FORMAT = dwarf;
				ENABLE_STRICT_OBJC_MSGSEND = YES;
				ENABLE_TESTABILITY = YES;
				GCC_C_LANGUAGE_STANDARD = gnu11;
				GCC_DYNAMIC_NO_PIC = NO;
				GCC_NO_COMMON_BLOCKS = YES;
				GCC_OPTIMIZATION_LEVEL = 0;
				GCC_PREPROCESSOR_DEFINITIONS = (
					"DEBUG=1",
					"$(inherited)",
				);
				GCC_WARN_64_TO_32_BIT_CONVERSION = YES;
				GCC_WARN_ABOUT_RETURN_TYPE = YES_ERROR;
				GCC_WARN_UNDECLARED_SELECTOR = YES;
				GCC_WARN_UNINITIALIZED_AUTOS = YES_AGGRESSIVE;
				GCC_WARN_UNUSED_FUNCTION = YES;
				GCC_WARN_UNUSED_VARIABLE = YES;
				IPHONEOS_DEPLOYMENT_TARGET = 13.0;
				MTL_ENABLE_DEBUG_INFO = INCLUDE_SOURCE;
				MTL_FAST_MATH = YES;
				NEW_SETTING = "";
				ONLY_ACTIVE_ARCH = YES;
				SDKROOT = iphoneos;
				SWIFT_ACTIVE_COMPILATION_CONDITIONS = DEBUG;
				SWIFT_OPTIMIZATION_LEVEL = "-Onone";
			};
			name = Debug;
		};
		F5E0B7722215C8EC00D28D25 /* Release */ = {
			isa = XCBuildConfiguration;
			buildSettings = {
				ALWAYS_SEARCH_USER_PATHS = NO;
				CLANG_ANALYZER_NONNULL = YES;
				CLANG_ANALYZER_NUMBER_OBJECT_CONVERSION = YES_AGGRESSIVE;
				CLANG_CXX_LANGUAGE_STANDARD = "gnu++14";
				CLANG_CXX_LIBRARY = "libc++";
				CLANG_ENABLE_MODULES = YES;
				CLANG_ENABLE_OBJC_ARC = YES;
				CLANG_ENABLE_OBJC_WEAK = YES;
				CLANG_WARN_BLOCK_CAPTURE_AUTORELEASING = YES;
				CLANG_WARN_BOOL_CONVERSION = YES;
				CLANG_WARN_COMMA = YES;
				CLANG_WARN_CONSTANT_CONVERSION = YES;
				CLANG_WARN_DEPRECATED_OBJC_IMPLEMENTATIONS = YES;
				CLANG_WARN_DIRECT_OBJC_ISA_USAGE = YES_ERROR;
				CLANG_WARN_DOCUMENTATION_COMMENTS = YES;
				CLANG_WARN_EMPTY_BODY = YES;
				CLANG_WARN_ENUM_CONVERSION = YES;
				CLANG_WARN_INFINITE_RECURSION = YES;
				CLANG_WARN_INT_CONVERSION = YES;
				CLANG_WARN_NON_LITERAL_NULL_CONVERSION = YES;
				CLANG_WARN_OBJC_IMPLICIT_RETAIN_SELF = YES;
				CLANG_WARN_OBJC_LITERAL_CONVERSION = YES;
				CLANG_WARN_OBJC_ROOT_CLASS = YES_ERROR;
				CLANG_WARN_RANGE_LOOP_ANALYSIS = YES;
				CLANG_WARN_STRICT_PROTOTYPES = YES;
				CLANG_WARN_SUSPICIOUS_MOVE = YES;
				CLANG_WARN_UNGUARDED_AVAILABILITY = YES_AGGRESSIVE;
				CLANG_WARN_UNREACHABLE_CODE = YES;
				CLANG_WARN__DUPLICATE_METHOD_MATCH = YES;
				CODE_SIGN_IDENTITY = "iPhone Developer";
				COPY_PHASE_STRIP = NO;
				DEBUG_INFORMATION_FORMAT = "dwarf-with-dsym";
				ENABLE_NS_ASSERTIONS = NO;
				ENABLE_STRICT_OBJC_MSGSEND = YES;
				GCC_C_LANGUAGE_STANDARD = gnu11;
				GCC_NO_COMMON_BLOCKS = YES;
				GCC_WARN_64_TO_32_BIT_CONVERSION = YES;
				GCC_WARN_ABOUT_RETURN_TYPE = YES_ERROR;
				GCC_WARN_UNDECLARED_SELECTOR = YES;
				GCC_WARN_UNINITIALIZED_AUTOS = YES_AGGRESSIVE;
				GCC_WARN_UNUSED_FUNCTION = YES;
				GCC_WARN_UNUSED_VARIABLE = YES;
				IPHONEOS_DEPLOYMENT_TARGET = 13.0;
				MTL_ENABLE_DEBUG_INFO = NO;
				MTL_FAST_MATH = YES;
				NEW_SETTING = "";
				SDKROOT = iphoneos;
				SWIFT_COMPILATION_MODE = wholemodule;
				SWIFT_OPTIMIZATION_LEVEL = "-O";
				VALIDATE_PRODUCT = YES;
			};
			name = Release;
		};
		F5E0B7742215C8EC00D28D25 /* Debug */ = {
			isa = XCBuildConfiguration;
			buildSettings = {
				ALWAYS_EMBED_SWIFT_STANDARD_LIBRARIES = YES;
				ASSETCATALOG_COMPILER_APPICON_NAME = AppIcon;
				CLANG_ENABLE_MODULES = YES;
				CODE_SIGN_IDENTITY = "iPhone Developer";
				CODE_SIGN_STYLE = Automatic;
				CURRENT_PROJECT_VERSION = 2;
				DEVELOPMENT_TEAM = FQ7KF94K32;
				HEADER_SEARCH_PATHS = "$(SDKROOT)/usr/include/libxml2";
				INFOPLIST_FILE = geoportail.lu/Info.plist;
				IPHONEOS_DEPLOYMENT_TARGET = 13.5;
				LD_RUNPATH_SEARCH_PATHS = (
					"$(inherited)",
					"@executable_path/Frameworks",
				);
				MARKETING_VERSION = 3.0.1;
				PRODUCT_BUNDLE_IDENTIFIER = lu.geoportail.mobile;
				PRODUCT_NAME = geoportail.lu;
				PROVISIONING_PROFILE_SPECIFIER = "";
				SWIFT_OBJC_BRIDGING_HEADER = "geoportail.lu-Bridging-Header.h";
				SWIFT_OPTIMIZATION_LEVEL = "-Onone";
				SWIFT_VERSION = 5.0;
				TARGETED_DEVICE_FAMILY = "1,2";
			};
			name = Debug;
		};
		F5E0B7752215C8EC00D28D25 /* Release */ = {
			isa = XCBuildConfiguration;
			buildSettings = {
				ALWAYS_EMBED_SWIFT_STANDARD_LIBRARIES = YES;
				ASSETCATALOG_COMPILER_APPICON_NAME = AppIcon;
				CLANG_ENABLE_MODULES = YES;
				CODE_SIGN_IDENTITY = "iPhone Developer";
				CODE_SIGN_STYLE = Automatic;
				CURRENT_PROJECT_VERSION = 2;
				DEVELOPMENT_TEAM = FQ7KF94K32;
				HEADER_SEARCH_PATHS = "$(SDKROOT)/usr/include/libxml2";
				INFOPLIST_FILE = geoportail.lu/Info.plist;
				IPHONEOS_DEPLOYMENT_TARGET = 13.5;
				LD_RUNPATH_SEARCH_PATHS = (
					"$(inherited)",
					"@executable_path/Frameworks",
				);
				MARKETING_VERSION = 3.0.1;
				PRODUCT_BUNDLE_IDENTIFIER = lu.geoportail.mobile;
				PRODUCT_NAME = geoportail.lu;
				PROVISIONING_PROFILE_SPECIFIER = "";
				SWIFT_OBJC_BRIDGING_HEADER = "geoportail.lu-Bridging-Header.h";
				SWIFT_VERSION = 5.0;
				TARGETED_DEVICE_FAMILY = "1,2";
			};
			name = Release;
		};
/* End XCBuildConfiguration section */

/* Begin XCConfigurationList section */
		F5E0B75C2215C8EA00D28D25 /* Build configuration list for PBXProject "geoportail.lu" */ = {
			isa = XCConfigurationList;
			buildConfigurations = (
				F5E0B7712215C8EC00D28D25 /* Debug */,
				F5E0B7722215C8EC00D28D25 /* Release */,
			);
			defaultConfigurationIsVisible = 0;
			defaultConfigurationName = Release;
		};
		F5E0B7732215C8EC00D28D25 /* Build configuration list for PBXNativeTarget "geoportail.lu" */ = {
			isa = XCConfigurationList;
			buildConfigurations = (
				F5E0B7742215C8EC00D28D25 /* Debug */,
				F5E0B7752215C8EC00D28D25 /* Release */,
			);
			defaultConfigurationIsVisible = 0;
			defaultConfigurationName = Release;
		};
/* End XCConfigurationList section */
	};
	rootObject = F5E0B7592215C8EA00D28D25 /* Project object */;
}
